
Microsoft Visual Studio Solution File, Format Version 12.00
# Visual Studio Version 17
VisualStudioVersion = 17.3.32922.545
MinimumVisualStudioVersion = 10.0.40219.1
Project("{FAE04EC0-301F-11D3-BF4B-00C04F79EFBC}") = "QUANLYQUANNET", "QUANLYQUANNET\QUANLYQUANNET.csproj", "{0639E597-F6E7-42CF-BB52-87867F7BAFD7}"
EndProject
Project("{FAE04EC0-301F-11D3-BF4B-00C04F79EFBC}") = "ClientNet", "ClientNet\ClientNet.csproj", "{9FB8E37A-FC4E-43E9-AB56-F0076C77F589}"
EndProject
Global
	GlobalSection(SolutionConfigurationPlatforms) = preSolution
		Debug|Any CPU = Debug|Any CPU
		Release|Any CPU = Release|Any CPU
	EndGlobalSection
	GlobalSection(ProjectConfigurationPlatforms) = postSolution
		{0639E597-F6E7-42CF-BB52-87867F7BAFD7}.Debug|Any CPU.ActiveCfg = Debug|Any CPU
		{0639E597-F6E7-42CF-BB52-87867F7BAFD7}.Debug|Any CPU.Build.0 = Debug|Any CPU
		{0639E597-F6E7-42CF-BB52-87867F7BAFD7}.Release|Any CPU.ActiveCfg = Release|Any CPU
		{0639E597-F6E7-42CF-BB52-87867F7BAFD7}.Release|Any CPU.Build.0 = Release|Any CPU
		{9FB8E37A-FC4E-43E9-AB56-F0076C77F589}.Debug|Any CPU.ActiveCfg = Debug|Any CPU
		{9FB8E37A-FC4E-43E9-AB56-F0076C77F589}.Debug|Any CPU.Build.0 = Debug|Any CPU
		{9FB8E37A-FC4E-43E9-AB56-F0076C77F589}.Release|Any CPU.ActiveCfg = Release|Any CPU
		{9FB8E37A-FC4E-43E9-AB56-F0076C77F589}.Release|Any CPU.Build.0 = Release|Any CPU
	EndGlobalSection
	GlobalSection(SolutionProperties) = preSolution
		HideSolutionNode = FALSE
	EndGlobalSection
	GlobalSection(ExtensibilityGlobals) = postSolution
		SolutionGuid = {53C64F69-E0ED-4B3A-9A9E-440E581CC45A}
	EndGlobalSection
EndGlobal
